# This file is automatically @generated by Cargo.
# It is not intended for manual editing.
version = 3

[[package]]
name = "cloneable-file"
version = "0.1.1"
source = "registry+https://github.com/rust-lang/crates.io-index"
checksum = "a65a2f832606a85d1ae63c167b28378359565f5c6b67793d96597d7e2bccd251"

[[package]]
name = "protocol_in_rust"
version = "0.1.0"
dependencies = [
 "cloneable-file",
]
